{
  "nodes": {
    "gascity-src": {
      "flake": false,
      "locked": {
        "lastModified": 1777884397,
        "narHash": "sha256-Jv1eLXONYGtAHNDg5IQ4bB3Ny6Iah1rIydIo1znWHZs=",
        "owner": "gastownhall",
        "repo": "gascity",
        "rev": "dfe314b3eec06f545dd5ccb0b1d9d42c18698b5f",
        "type": "github"
      },
      "original": {
        "owner": "gastownhall",
        "repo": "gascity",
        "type": "github"
      }
    },
    "nixpkgs": {
      "locked": {
        "lastModified": 1776877367,
        "narHash": "sha256-EHq1/OX139R1RvBzOJ0aMRT3xnWyqtHBRUBuO1gFzjI=",
        "owner": "NixOS",
        "repo": "nixpkgs",
        "rev": "0726a0ecb6d4e08f6adced58726b95db924cef57",
        "type": "github"
      },
      "original": {
        "owner": "NixOS",
        "ref": "nixos-unstable",
        "repo": "nixpkgs",
        "type": "github"
      }
    },
    "root": {
      "inputs": {
        "gascity-src": "gascity-src",
        "nixpkgs": "nixpkgs"
      }
    }
  },
  "root": "root",
  "version": 7
}
